// !$*UTF8*$!
{
	archiveVersion = 1;
	classes = {
	};
	objectVersion = 46;
	objects = {

/* Begin PBXBuildFile section */
		1559537D1AAF87DB005777A4 /* Constants.swift in Sources */ = {isa = PBXBuildFile; fileRef = 1559537C1AAF87DB005777A4 /* Constants.swift */; };
		159CCA631AD49C1200C16C25 /* Group.h in Headers */ = {isa = PBXBuildFile; fileRef = 159CCA611AD49C1200C16C25 /* Group.h */; };
		159CCA641AD49C1200C16C25 /* Group.m in Sources */ = {isa = PBXBuildFile; fileRef = 159CCA621AD49C1200C16C25 /* Group.m */; };
		159CCA6B1AD57CB900C16C25 /* Keys.plist in Resources */ = {isa = PBXBuildFile; fileRef = 159CCA6A1AD57CB900C16C25 /* Keys.plist */; };
		4F9DCE051E5F06EC5097F4F4 /* libPods.a in Frameworks */ = {isa = PBXBuildFile; fileRef = 3A84F83C78403A0B5BF451FA /* libPods.a */; };
		539D3B141A8FDC7A0093533F /* Blurb.swift in Sources */ = {isa = PBXBuildFile; fileRef = 539D3B131A8FDC7A0093533F /* Blurb.swift */; };
		539D3B161A8FDCEC0093533F /* Group.swift in Sources */ = {isa = PBXBuildFile; fileRef = 539D3B151A8FDCEC0093533F /* Group.swift */; };
		539D3B181A8FDD980093533F /* Convo.swift in Sources */ = {isa = PBXBuildFile; fileRef = 539D3B171A8FDD980093533F /* Convo.swift */; };
		539D3B1A1A8FDE6D0093533F /* GroupTableViewController.swift in Sources */ = {isa = PBXBuildFile; fileRef = 539D3B191A8FDE6D0093533F /* GroupTableViewController.swift */; };
		CB8A0C471AD47B95001B6AF4 /* ConvoSettingsViewController.swift in Sources */ = {isa = PBXBuildFile; fileRef = CB8A0C461AD47B95001B6AF4 /* ConvoSettingsViewController.swift */; };
		CB8A0C4C1AD48137001B6AF4 /* settingsicon.png in Resources */ = {isa = PBXBuildFile; fileRef = CB8A0C4B1AD48137001B6AF4 /* settingsicon.png */; };
		CB9E6D8F1AE7440700209CB2 /* SystemConfiguration.framework in Frameworks */ = {isa = PBXBuildFile; fileRef = CB9E6D8E1AE7440700209CB2 /* SystemConfiguration.framework */; };
		CB9E6D9B1AE7453500209CB2 /* libz.1.1.3.dylib in Frameworks */ = {isa = PBXBuildFile; fileRef = CB9E6D9A1AE7453500209CB2 /* libz.1.1.3.dylib */; };
		CB9E6D9D1AE7456900209CB2 /* libsqlite3.dylib in Frameworks */ = {isa = PBXBuildFile; fileRef = CB9E6D9C1AE7456900209CB2 /* libsqlite3.dylib */; };
		CBC579CD1AE7330100BA34F8 /* MapKit.framework in Frameworks */ = {isa = PBXBuildFile; fileRef = CBC579CC1AE7330100BA34F8 /* MapKit.framework */; };
		CBC579DB1AE7335100BA34F8 /* UIKit.framework in Frameworks */ = {isa = PBXBuildFile; fileRef = CBC579DA1AE7335100BA34F8 /* UIKit.framework */; };
		CBC579E11AE7343E00BA34F8 /* Foundation.framework in Frameworks */ = {isa = PBXBuildFile; fileRef = CBC579E01AE7343E00BA34F8 /* Foundation.framework */; };
		CBCBA2CC1AAA8D5A00B2E303 /* UserHandlingViewController.swift in Sources */ = {isa = PBXBuildFile; fileRef = CBCBA2CB1AAA8D5A00B2E303 /* UserHandlingViewController.swift */; };
		CBF01B521A9AE53300364AB6 /* BlurbTableViewController.swift in Sources */ = {isa = PBXBuildFile; fileRef = CBF01B511A9AE53300364AB6 /* BlurbTableViewController.swift */; };
		E27B3FE31A8D75B800AE18C5 /* AppDelegate.swift in Sources */ = {isa = PBXBuildFile; fileRef = E27B3FE21A8D75B800AE18C5 /* AppDelegate.swift */; };
		E27B3FE61A8D75B800AE18C5 /* ProCom.xcdatamodeld in Sources */ = {isa = PBXBuildFile; fileRef = E27B3FE41A8D75B800AE18C5 /* ProCom.xcdatamodeld */; };
		E27B3FEF1A8D75B800AE18C5 /* Images.xcassets in Resources */ = {isa = PBXBuildFile; fileRef = E27B3FEE1A8D75B800AE18C5 /* Images.xcassets */; };
		E27B3FFE1A8D75B800AE18C5 /* ProComTests.swift in Sources */ = {isa = PBXBuildFile; fileRef = E27B3FFD1A8D75B800AE18C5 /* ProComTests.swift */; };
/* End PBXBuildFile section */

/* Begin PBXContainerItemProxy section */
		E27B3FF81A8D75B800AE18C5 /* PBXContainerItemProxy */ = {
			isa = PBXContainerItemProxy;
			containerPortal = E27B3FD51A8D75B800AE18C5 /* Project object */;
			proxyType = 1;
			remoteGlobalIDString = E27B3FDC1A8D75B800AE18C5;
			remoteInfo = ProCom;
		};
/* End PBXContainerItemProxy section */

/* Begin PBXFileReference section */
		1559537C1AAF87DB005777A4 /* Constants.swift */ = {isa = PBXFileReference; fileEncoding = 4; lastKnownFileType = sourcecode.swift; path = Constants.swift; sourceTree = "<group>"; };
		159CCA611AD49C1200C16C25 /* Group.h */ = {isa = PBXFileReference; fileEncoding = 4; lastKnownFileType = sourcecode.c.h; path = Group.h; sourceTree = "<group>"; };
		159CCA621AD49C1200C16C25 /* Group.m */ = {isa = PBXFileReference; fileEncoding = 4; lastKnownFileType = sourcecode.c.objc; path = Group.m; sourceTree = "<group>"; };
		159CCA6A1AD57CB900C16C25 /* Keys.plist */ = {isa = PBXFileReference; fileEncoding = 4; lastKnownFileType = text.plist.xml; path = Keys.plist; sourceTree = "<group>"; };
		3A84F83C78403A0B5BF451FA /* libPods.a */ = {isa = PBXFileReference; explicitFileType = archive.ar; includeInIndex = 0; path = libPods.a; sourceTree = BUILT_PRODUCTS_DIR; };
		539D3B131A8FDC7A0093533F /* Blurb.swift */ = {isa = PBXFileReference; fileEncoding = 4; lastKnownFileType = sourcecode.swift; path = Blurb.swift; sourceTree = "<group>"; };
		539D3B151A8FDCEC0093533F /* Group.swift */ = {isa = PBXFileReference; fileEncoding = 4; lastKnownFileType = sourcecode.swift; path = Group.swift; sourceTree = "<group>"; };
		539D3B171A8FDD980093533F /* Convo.swift */ = {isa = PBXFileReference; fileEncoding = 4; lastKnownFileType = sourcecode.swift; path = Convo.swift; sourceTree = "<group>"; };
		539D3B191A8FDE6D0093533F /* GroupTableViewController.swift */ = {isa = PBXFileReference; fileEncoding = 4; lastKnownFileType = sourcecode.swift; path = GroupTableViewController.swift; sourceTree = "<group>"; };
		64ECB42C859834B0B82F4FA4 /* Pods.release.xcconfig */ = {isa = PBXFileReference; includeInIndex = 1; lastKnownFileType = text.xcconfig; name = Pods.release.xcconfig; path = "Pods/Target Support Files/Pods/Pods.release.xcconfig"; sourceTree = "<group>"; };
		692E9EB55F8A611710500762 /* Pods.debug.xcconfig */ = {isa = PBXFileReference; includeInIndex = 1; lastKnownFileType = text.xcconfig; name = Pods.debug.xcconfig; path = "Pods/Target Support Files/Pods/Pods.debug.xcconfig"; sourceTree = "<group>"; };
		CB8A0C461AD47B95001B6AF4 /* ConvoSettingsViewController.swift */ = {isa = PBXFileReference; fileEncoding = 4; lastKnownFileType = sourcecode.swift; path = ConvoSettingsViewController.swift; sourceTree = "<group>"; };
		CB8A0C4B1AD48137001B6AF4 /* settingsicon.png */ = {isa = PBXFileReference; lastKnownFileType = image.png; path = settingsicon.png; sourceTree = "<group>"; };
		CB9E6D8E1AE7440700209CB2 /* SystemConfiguration.framework */ = {isa = PBXFileReference; lastKnownFileType = wrapper.framework; name = SystemConfiguration.framework; path = System/Library/Frameworks/SystemConfiguration.framework; sourceTree = SDKROOT; };
		CB9E6D9A1AE7453500209CB2 /* libz.1.1.3.dylib */ = {isa = PBXFileReference; lastKnownFileType = "compiled.mach-o.dylib"; name = libz.1.1.3.dylib; path = /Applications/Xcode.app/Contents/Developer/Platforms/iPhoneOS.platform/Developer/SDKs/iPhoneOS8.3.sdk/usr/lib/libz.1.1.3.dylib; sourceTree = "<absolute>"; };
		CB9E6D9C1AE7456900209CB2 /* libsqlite3.dylib */ = {isa = PBXFileReference; lastKnownFileType = "compiled.mach-o.dylib"; name = libsqlite3.dylib; path = /Applications/Xcode.app/Contents/Developer/Platforms/iPhoneOS.platform/Developer/SDKs/iPhoneOS8.3.sdk/usr/lib/libsqlite3.dylib; sourceTree = "<absolute>"; };
		CB9E6D9E1AE7460100209CB2 /* ProCom-Bridging-Header.h */ = {isa = PBXFileReference; lastKnownFileType = sourcecode.c.h; path = "ProCom-Bridging-Header.h"; sourceTree = "<group>"; };
		CBC579CC1AE7330100BA34F8 /* MapKit.framework */ = {isa = PBXFileReference; lastKnownFileType = wrapper.framework; name = MapKit.framework; path = System/Library/Frameworks/MapKit.framework; sourceTree = SDKROOT; };
		CBC579DA1AE7335100BA34F8 /* UIKit.framework */ = {isa = PBXFileReference; lastKnownFileType = wrapper.framework; name = UIKit.framework; path = System/Library/Frameworks/UIKit.framework; sourceTree = SDKROOT; };
		CBC579E01AE7343E00BA34F8 /* Foundation.framework */ = {isa = PBXFileReference; lastKnownFileType = wrapper.framework; name = Foundation.framework; path = System/Library/Frameworks/Foundation.framework; sourceTree = SDKROOT; };
		CBCBA2CB1AAA8D5A00B2E303 /* UserHandlingViewController.swift */ = {isa = PBXFileReference; fileEncoding = 4; lastKnownFileType = sourcecode.swift; path = UserHandlingViewController.swift; sourceTree = "<group>"; };
		CBF01B511A9AE53300364AB6 /* BlurbTableViewController.swift */ = {isa = PBXFileReference; fileEncoding = 4; lastKnownFileType = sourcecode.swift; path = BlurbTableViewController.swift; sourceTree = "<group>"; };
		E27B3FDD1A8D75B800AE18C5 /* ProCom.app */ = {isa = PBXFileReference; explicitFileType = wrapper.application; includeInIndex = 0; path = ProCom.app; sourceTree = BUILT_PRODUCTS_DIR; };
		E27B3FE11A8D75B800AE18C5 /* Info.plist */ = {isa = PBXFileReference; lastKnownFileType = text.plist.xml; path = Info.plist; sourceTree = "<group>"; };
		E27B3FE21A8D75B800AE18C5 /* AppDelegate.swift */ = {isa = PBXFileReference; lastKnownFileType = sourcecode.swift; path = AppDelegate.swift; sourceTree = "<group>"; };
		E27B3FE51A8D75B800AE18C5 /* ProCom.xcdatamodel */ = {isa = PBXFileReference; lastKnownFileType = wrapper.xcdatamodel; path = ProCom.xcdatamodel; sourceTree = "<group>"; };
		E27B3FEE1A8D75B800AE18C5 /* Images.xcassets */ = {isa = PBXFileReference; lastKnownFileType = folder.assetcatalog; path = Images.xcassets; sourceTree = "<group>"; };
		E27B3FF11A8D75B800AE18C5 /* Base */ = {isa = PBXFileReference; lastKnownFileType = file.xib; name = Base; path = Base.lproj/LaunchScreen.xib; sourceTree = "<group>"; };
		E27B3FF71A8D75B800AE18C5 /* ProComTests.xctest */ = {isa = PBXFileReference; explicitFileType = wrapper.cfbundle; includeInIndex = 0; path = ProComTests.xctest; sourceTree = BUILT_PRODUCTS_DIR; };
		E27B3FFC1A8D75B800AE18C5 /* Info.plist */ = {isa = PBXFileReference; lastKnownFileType = text.plist.xml; path = Info.plist; sourceTree = "<group>"; };
		E27B3FFD1A8D75B800AE18C5 /* ProComTests.swift */ = {isa = PBXFileReference; lastKnownFileType = sourcecode.swift; path = ProComTests.swift; sourceTree = "<group>"; };
/* End PBXFileReference section */

/* Begin PBXFrameworksBuildPhase section */
		E27B3FDA1A8D75B800AE18C5 /* Frameworks */ = {
			isa = PBXFrameworksBuildPhase;
			buildActionMask = 2147483647;
			files = (
				CB9E6D8F1AE7440700209CB2 /* SystemConfiguration.framework in Frameworks */,
				CBC579E11AE7343E00BA34F8 /* Foundation.framework in Frameworks */,
				CBC579DB1AE7335100BA34F8 /* UIKit.framework in Frameworks */,
				CBC579CD1AE7330100BA34F8 /* MapKit.framework in Frameworks */,
				CB9E6D9D1AE7456900209CB2 /* libsqlite3.dylib in Frameworks */,
				CB9E6D9B1AE7453500209CB2 /* libz.1.1.3.dylib in Frameworks */,
				4F9DCE051E5F06EC5097F4F4 /* libPods.a in Frameworks */,
			);
			runOnlyForDeploymentPostprocessing = 0;
		};
		E27B3FF41A8D75B800AE18C5 /* Frameworks */ = {
			isa = PBXFrameworksBuildPhase;
			buildActionMask = 2147483647;
			files = (
			);
			runOnlyForDeploymentPostprocessing = 0;
		};
/* End PBXFrameworksBuildPhase section */

/* Begin PBXGroup section */
		11785B3F512C565B1B4AE7BF /* Pods */ = {
			isa = PBXGroup;
			children = (
				692E9EB55F8A611710500762 /* Pods.debug.xcconfig */,
				64ECB42C859834B0B82F4FA4 /* Pods.release.xcconfig */,
			);
			name = Pods;
			sourceTree = "<group>";
		};
		8E25146D6496EC86DD6ADC09 /* Frameworks */ = {
			isa = PBXGroup;
			children = (
				CB9E6D8E1AE7440700209CB2 /* SystemConfiguration.framework */,
				CBC579E01AE7343E00BA34F8 /* Foundation.framework */,
				CBC579DA1AE7335100BA34F8 /* UIKit.framework */,
				CBC579CC1AE7330100BA34F8 /* MapKit.framework */,
				3A84F83C78403A0B5BF451FA /* libPods.a */,
				CB9E6D9A1AE7453500209CB2 /* libz.1.1.3.dylib */,
				CB9E6D9C1AE7456900209CB2 /* libsqlite3.dylib */,
			);
			name = Frameworks;
			sourceTree = "<group>";
		};
		CB8A0C481AD47E8D001B6AF4 /* Images */ = {
			isa = PBXGroup;
			children = (
				CB8A0C4B1AD48137001B6AF4 /* settingsicon.png */,
			);
			name = Images;
			sourceTree = "<group>";
		};
		E27B3FD41A8D75B800AE18C5 = {
			isa = PBXGroup;
			children = (
				E27B3FDF1A8D75B800AE18C5 /* ProCom */,
				E27B3FFA1A8D75B800AE18C5 /* ProComTests */,
				E27B3FDE1A8D75B800AE18C5 /* Products */,
				11785B3F512C565B1B4AE7BF /* Pods */,
				8E25146D6496EC86DD6ADC09 /* Frameworks */,
			);
			sourceTree = "<group>";
		};
		E27B3FDE1A8D75B800AE18C5 /* Products */ = {
			isa = PBXGroup;
			children = (
				E27B3FDD1A8D75B800AE18C5 /* ProCom.app */,
				E27B3FF71A8D75B800AE18C5 /* ProComTests.xctest */,
			);
			name = Products;
			sourceTree = "<group>";
		};
		E27B3FDF1A8D75B800AE18C5 /* ProCom */ = {
			isa = PBXGroup;
			children = (
				CB9E6D9E1AE7460100209CB2 /* ProCom-Bridging-Header.h */,
				E27B3FE21A8D75B800AE18C5 /* AppDelegate.swift */,
				1559537C1AAF87DB005777A4 /* Constants.swift */,
				539D3B171A8FDD980093533F /* Convo.swift */,
				539D3B151A8FDCEC0093533F /* Group.swift */,
				539D3B191A8FDE6D0093533F /* GroupTableViewController.swift */,
				CBCBA2CB1AAA8D5A00B2E303 /* UserHandlingViewController.swift */,
				CBF01B511A9AE53300364AB6 /* BlurbTableViewController.swift */,
				CB8A0C461AD47B95001B6AF4 /* ConvoSettingsViewController.swift */,
				539D3B131A8FDC7A0093533F /* Blurb.swift */,
				E27B3FE01A8D75B800AE18C5 /* Supporting Files */,
			);
			path = ProCom;
			sourceTree = "<group>";
		};
		E27B3FE01A8D75B800AE18C5 /* Supporting Files */ = {
			isa = PBXGroup;
			children = (
				CB8A0C481AD47E8D001B6AF4 /* Images */,
				E27B3FEE1A8D75B800AE18C5 /* Images.xcassets */,
				E27B3FF01A8D75B800AE18C5 /* LaunchScreen.xib */,
				E27B3FE41A8D75B800AE18C5 /* ProCom.xcdatamodeld */,
				159CCA611AD49C1200C16C25 /* Group.h */,
				159CCA621AD49C1200C16C25 /* Group.m */,
				E27B3FE11A8D75B800AE18C5 /* Info.plist */,
				159CCA6A1AD57CB900C16C25 /* Keys.plist */,
			);
			name = "Supporting Files";
			sourceTree = "<group>";
		};
		E27B3FFA1A8D75B800AE18C5 /* ProComTests */ = {
			isa = PBXGroup;
			children = (
				E27B3FFD1A8D75B800AE18C5 /* ProComTests.swift */,
				E27B3FFB1A8D75B800AE18C5 /* Supporting Files */,
			);
			path = ProComTests;
			sourceTree = "<group>";
		};
		E27B3FFB1A8D75B800AE18C5 /* Supporting Files */ = {
			isa = PBXGroup;
			children = (
				E27B3FFC1A8D75B800AE18C5 /* Info.plist */,
			);
			name = "Supporting Files";
			sourceTree = "<group>";
		};
/* End PBXGroup section */

/* Begin PBXHeadersBuildPhase section */
		CBA7D4A21A92D0740065AB70 /* Headers */ = {
			isa = PBXHeadersBuildPhase;
			buildActionMask = 2147483647;
			files = (
				159CCA631AD49C1200C16C25 /* Group.h in Headers */,
			);
			runOnlyForDeploymentPostprocessing = 0;
		};
/* End PBXHeadersBuildPhase section */

/* Begin PBXNativeTarget section */
		E27B3FDC1A8D75B800AE18C5 /* ProCom */ = {
			isa = PBXNativeTarget;
			buildConfigurationList = E27B40011A8D75B800AE18C5 /* Build configuration list for PBXNativeTarget "ProCom" */;
			buildPhases = (
				A850C4BEC5C4030323C12876 /* Check Pods Manifest.lock */,
				E27B3FD91A8D75B800AE18C5 /* Sources */,
				E27B3FDA1A8D75B800AE18C5 /* Frameworks */,
				E27B3FDB1A8D75B800AE18C5 /* Resources */,
				CBA7D4A21A92D0740065AB70 /* Headers */,
				95A6700D15F45608E6454EE9 /* Copy Pods Resources */,
			);
			buildRules = (
			);
			dependencies = (
			);
			name = ProCom;
			productName = ProCom;
			productReference = E27B3FDD1A8D75B800AE18C5 /* ProCom.app */;
			productType = "com.apple.product-type.application";
		};
		E27B3FF61A8D75B800AE18C5 /* ProComTests */ = {
			isa = PBXNativeTarget;
			buildConfigurationList = E27B40041A8D75B800AE18C5 /* Build configuration list for PBXNativeTarget "ProComTests" */;
			buildPhases = (
				E27B3FF31A8D75B800AE18C5 /* Sources */,
				E27B3FF41A8D75B800AE18C5 /* Frameworks */,
				E27B3FF51A8D75B800AE18C5 /* Resources */,
			);
			buildRules = (
			);
			dependencies = (
				E27B3FF91A8D75B800AE18C5 /* PBXTargetDependency */,
			);
			name = ProComTests;
			productName = ProComTests;
			productReference = E27B3FF71A8D75B800AE18C5 /* ProComTests.xctest */;
			productType = "com.apple.product-type.bundle.unit-test";
		};
/* End PBXNativeTarget section */

/* Begin PBXProject section */
		E27B3FD51A8D75B800AE18C5 /* Project object */ = {
			isa = PBXProject;
			attributes = {
				LastUpgradeCheck = 0610;
				ORGANIZATIONNAME = Abraid;
				TargetAttributes = {
					E27B3FDC1A8D75B800AE18C5 = {
						CreatedOnToolsVersion = 6.1.1;
						DevelopmentTeam = TK6J33VHFJ;
						SystemCapabilities = {
							com.apple.InAppPurchase = {
								enabled = 0;
							};
							com.apple.Maps.iOS = {
								enabled = 0;
							};
						};
					};
					E27B3FF61A8D75B800AE18C5 = {
						CreatedOnToolsVersion = 6.1.1;
						TestTargetID = E27B3FDC1A8D75B800AE18C5;
					};
				};
			};
			buildConfigurationList = E27B3FD81A8D75B800AE18C5 /* Build configuration list for PBXProject "ProCom" */;
			compatibilityVersion = "Xcode 3.2";
			developmentRegion = English;
			hasScannedForEncodings = 0;
			knownRegions = (
				en,
				Base,
				he,
			);
			mainGroup = E27B3FD41A8D75B800AE18C5;
			productRefGroup = E27B3FDE1A8D75B800AE18C5 /* Products */;
			projectDirPath = "";
			projectRoot = "";
			targets = (
				E27B3FDC1A8D75B800AE18C5 /* ProCom */,
				E27B3FF61A8D75B800AE18C5 /* ProComTests */,
			);
		};
/* End PBXProject section */

/* Begin PBXResourcesBuildPhase section */
		E27B3FDB1A8D75B800AE18C5 /* Resources */ = {
			isa = PBXResourcesBuildPhase;
			buildActionMask = 2147483647;
			files = (
				CB8A0C4C1AD48137001B6AF4 /* settingsicon.png in Resources */,
				159CCA6B1AD57CB900C16C25 /* Keys.plist in Resources */,
				E27B3FEF1A8D75B800AE18C5 /* Images.xcassets in Resources */,
			);
			runOnlyForDeploymentPostprocessing = 0;
		};
		E27B3FF51A8D75B800AE18C5 /* Resources */ = {
			isa = PBXResourcesBuildPhase;
			buildActionMask = 2147483647;
			files = (
			);
			runOnlyForDeploymentPostprocessing = 0;
		};
/* End PBXResourcesBuildPhase section */

/* Begin PBXShellScriptBuildPhase section */
		95A6700D15F45608E6454EE9 /* Copy Pods Resources */ = {
			isa = PBXShellScriptBuildPhase;
			buildActionMask = 2147483647;
			files = (
			);
			inputPaths = (
			);
			name = "Copy Pods Resources";
			outputPaths = (
			);
			runOnlyForDeploymentPostprocessing = 0;
			shellPath = /bin/sh;
			shellScript = "\"${SRCROOT}/Pods/Target Support Files/Pods/Pods-resources.sh\"\n";
			showEnvVarsInLog = 0;
		};
		A850C4BEC5C4030323C12876 /* Check Pods Manifest.lock */ = {
			isa = PBXShellScriptBuildPhase;
			buildActionMask = 2147483647;
			files = (
			);
			inputPaths = (
			);
			name = "Check Pods Manifest.lock";
			outputPaths = (
			);
			runOnlyForDeploymentPostprocessing = 0;
			shellPath = /bin/sh;
			shellScript = "diff \"${PODS_ROOT}/../Podfile.lock\" \"${PODS_ROOT}/Manifest.lock\" > /dev/null\nif [[ $? != 0 ]] ; then\n    cat << EOM\nerror: The sandbox is not in sync with the Podfile.lock. Run 'pod install' or update your CocoaPods installation.\nEOM\n    exit 1\nfi\n";
			showEnvVarsInLog = 0;
		};
/* End PBXShellScriptBuildPhase section */

/* Begin PBXSourcesBuildPhase section */
		E27B3FD91A8D75B800AE18C5 /* Sources */ = {
			isa = PBXSourcesBuildPhase;
			buildActionMask = 2147483647;
			files = (
				CBCBA2CC1AAA8D5A00B2E303 /* UserHandlingViewController.swift in Sources */,
				CB8A0C471AD47B95001B6AF4 /* ConvoSettingsViewController.swift in Sources */,
				E27B3FE31A8D75B800AE18C5 /* AppDelegate.swift in Sources */,
				E27B3FE61A8D75B800AE18C5 /* ProCom.xcdatamodeld in Sources */,
				539D3B1A1A8FDE6D0093533F /* GroupTableViewController.swift in Sources */,
				159CCA641AD49C1200C16C25 /* Group.m in Sources */,
				539D3B141A8FDC7A0093533F /* Blurb.swift in Sources */,
				539D3B181A8FDD980093533F /* Convo.swift in Sources */,
				1559537D1AAF87DB005777A4 /* Constants.swift in Sources */,
				539D3B161A8FDCEC0093533F /* Group.swift in Sources */,
				CBF01B521A9AE53300364AB6 /* BlurbTableViewController.swift in Sources */,
			);
			runOnlyForDeploymentPostprocessing = 0;
		};
		E27B3FF31A8D75B800AE18C5 /* Sources */ = {
			isa = PBXSourcesBuildPhase;
			buildActionMask = 2147483647;
			files = (
				E27B3FFE1A8D75B800AE18C5 /* ProComTests.swift in Sources */,
			);
			runOnlyForDeploymentPostprocessing = 0;
		};
/* End PBXSourcesBuildPhase section */

/* Begin PBXTargetDependency section */
		E27B3FF91A8D75B800AE18C5 /* PBXTargetDependency */ = {
			isa = PBXTargetDependency;
			target = E27B3FDC1A8D75B800AE18C5 /* ProCom */;
			targetProxy = E27B3FF81A8D75B800AE18C5 /* PBXContainerItemProxy */;
		};
/* End PBXTargetDependency section */

/* Begin PBXVariantGroup section */
		E27B3FF01A8D75B800AE18C5 /* LaunchScreen.xib */ = {
			isa = PBXVariantGroup;
			children = (
				E27B3FF11A8D75B800AE18C5 /* Base */,
			);
			name = LaunchScreen.xib;
			sourceTree = "<group>";
		};
/* End PBXVariantGroup section */

/* Begin XCBuildConfiguration section */
		E27B3FFF1A8D75B800AE18C5 /* Debug */ = {
			isa = XCBuildConfiguration;
			buildSettings = {
				ALWAYS_SEARCH_USER_PATHS = NO;
				CLANG_CXX_LANGUAGE_STANDARD = "gnu++0x";
				CLANG_CXX_LIBRARY = "libc++";
				CLANG_ENABLE_MODULES = YES;
				CLANG_ENABLE_OBJC_ARC = YES;
				CLANG_WARN_BOOL_CONVERSION = YES;
				CLANG_WARN_CONSTANT_CONVERSION = YES;
				CLANG_WARN_DIRECT_OBJC_ISA_USAGE = YES_ERROR;
				CLANG_WARN_EMPTY_BODY = YES;
				CLANG_WARN_ENUM_CONVERSION = YES;
				CLANG_WARN_INT_CONVERSION = YES;
				CLANG_WARN_OBJC_ROOT_CLASS = YES_ERROR;
				CLANG_WARN_UNREACHABLE_CODE = YES;
				CLANG_WARN__DUPLICATE_METHOD_MATCH = YES;
				"CODE_SIGN_IDENTITY[sdk=iphoneos*]" = "iPhone Developer";
				COPY_PHASE_STRIP = NO;
				ENABLE_STRICT_OBJC_MSGSEND = YES;
				GCC_C_LANGUAGE_STANDARD = gnu99;
				GCC_DYNAMIC_NO_PIC = NO;
				GCC_OPTIMIZATION_LEVEL = 0;
				GCC_PREPROCESSOR_DEFINITIONS = (
					"DEBUG=1",
					"$(inherited)",
				);
				GCC_SYMBOLS_PRIVATE_EXTERN = NO;
				GCC_WARN_64_TO_32_BIT_CONVERSION = YES;
				GCC_WARN_ABOUT_RETURN_TYPE = YES_ERROR;
				GCC_WARN_UNDECLARED_SELECTOR = YES;
				GCC_WARN_UNINITIALIZED_AUTOS = YES_AGGRESSIVE;
				GCC_WARN_UNUSED_FUNCTION = YES;
				GCC_WARN_UNUSED_VARIABLE = YES;
				IPHONEOS_DEPLOYMENT_TARGET = 8.1;
				MTL_ENABLE_DEBUG_INFO = YES;
				ONLY_ACTIVE_ARCH = YES;
				SDKROOT = iphoneos;
				SWIFT_OPTIMIZATION_LEVEL = "-Onone";
			};
			name = Debug;
		};
		E27B40001A8D75B800AE18C5 /* Release */ = {
			isa = XCBuildConfiguration;
			buildSettings = {
				ALWAYS_SEARCH_USER_PATHS = NO;
				CLANG_CXX_LANGUAGE_STANDARD = "gnu++0x";
				CLANG_CXX_LIBRARY = "libc++";
				CLANG_ENABLE_MODULES = YES;
				CLANG_ENABLE_OBJC_ARC = YES;
				CLANG_WARN_BOOL_CONVERSION = YES;
				CLANG_WARN_CONSTANT_CONVERSION = YES;
				CLANG_WARN_DIRECT_OBJC_ISA_USAGE = YES_ERROR;
				CLANG_WARN_EMPTY_BODY = YES;
				CLANG_WARN_ENUM_CONVERSION = YES;
				CLANG_WARN_INT_CONVERSION = YES;
				CLANG_WARN_OBJC_ROOT_CLASS = YES_ERROR;
				CLANG_WARN_UNREACHABLE_CODE = YES;
				CLANG_WARN__DUPLICATE_METHOD_MATCH = YES;
				"CODE_SIGN_IDENTITY[sdk=iphoneos*]" = "iPhone Developer";
				COPY_PHASE_STRIP = YES;
				ENABLE_NS_ASSERTIONS = NO;
				ENABLE_STRICT_OBJC_MSGSEND = YES;
				GCC_C_LANGUAGE_STANDARD = gnu99;
				GCC_WARN_64_TO_32_BIT_CONVERSION = YES;
				GCC_WARN_ABOUT_RETURN_TYPE = YES_ERROR;
				GCC_WARN_UNDECLARED_SELECTOR = YES;
				GCC_WARN_UNINITIALIZED_AUTOS = YES_AGGRESSIVE;
				GCC_WARN_UNUSED_FUNCTION = YES;
				GCC_WARN_UNUSED_VARIABLE = YES;
				IPHONEOS_DEPLOYMENT_TARGET = 8.1;
				MTL_ENABLE_DEBUG_INFO = NO;
				SDKROOT = iphoneos;
				VALIDATE_PRODUCT = YES;
			};
			name = Release;
		};
		E27B40021A8D75B800AE18C5 /* Debug */ = {
			isa = XCBuildConfiguration;
			baseConfigurationReference = 692E9EB55F8A611710500762 /* Pods.debug.xcconfig */;
			buildSettings = {
				CLANG_ENABLE_MODULES = YES;
				CODE_SIGN_IDENTITY = "";
				"CODE_SIGN_IDENTITY[sdk=iphoneos*]" = "";
				FRAMEWORK_SEARCH_PATHS = (
					"$(inherited)",
					/Users/NightPhury/Desktop/GoogleDrive/Work/Abraid/ProCom/ProCom,
					"$(PROJECT_DIR)",
					"$(PROJECT_DIR)/ProCom",
					"$(PROJECT_DIR)/ProCom/FacebookSDK",
				);
				INFOPLIST_FILE = ProCom/Info.plist;
				IPHONEOS_DEPLOYMENT_TARGET = 8.1;
				LD_RUNPATH_SEARCH_PATHS = "$(inherited) @executable_path/Frameworks";
				PRODUCT_NAME = "$(TARGET_NAME)";
				PROVISIONING_PROFILE = "12fcf729-0315-4aef-8dce-02740a6f5446";
				SWIFT_OBJC_BRIDGING_HEADER = "ProCom/ProCom-Bridging-Header.h";
				SWIFT_OPTIMIZATION_LEVEL = "-O";
			};
			name = Debug;
		};
		E27B40031A8D75B800AE18C5 /* Release */ = {
			isa = XCBuildConfiguration;
			baseConfigurationReference = 64ECB42C859834B0B82F4FA4 /* Pods.release.xcconfig */;
			buildSettings = {
				CLANG_ENABLE_MODULES = YES;
				CODE_SIGN_IDENTITY = "";
				"CODE_SIGN_IDENTITY[sdk=iphoneos*]" = "";
				FRAMEWORK_SEARCH_PATHS = (
					"$(inherited)",
					/Users/NightPhury/Desktop/GoogleDrive/Work/Abraid/ProCom/ProCom,
					"$(PROJECT_DIR)",
					"$(PROJECT_DIR)/ProCom",
					"$(PROJECT_DIR)/ProCom/FacebookSDK",
				);
				INFOPLIST_FILE = ProCom/Info.plist;
				IPHONEOS_DEPLOYMENT_TARGET = 8.1;
				LD_RUNPATH_SEARCH_PATHS = "$(inherited) @executable_path/Frameworks";
				PRODUCT_NAME = "$(TARGET_NAME)";
				PROVISIONING_PROFILE = "12fcf729-0315-4aef-8dce-02740a6f5446";
				SWIFT_OBJC_BRIDGING_HEADER = "ProCom/ProCom-Bridging-Header.h";
				SWIFT_OPTIMIZATION_LEVEL = "-O";
			};
			name = Release;
		};
		E27B40051A8D75B800AE18C5 /* Debug */ = {
			isa = XCBuildConfiguration;
			buildSettings = {
				BUNDLE_LOADER = "$(TEST_HOST)";
				FRAMEWORK_SEARCH_PATHS = (
					"$(SDKROOT)/Developer/Library/Frameworks",
					"$(inherited)",
				);
				GCC_PREPROCESSOR_DEFINITIONS = (
					"DEBUG=1",
					"$(inherited)",
				);
				INFOPLIST_FILE = ProComTests/Info.plist;
				LD_RUNPATH_SEARCH_PATHS = "$(inherited) @executable_path/Frameworks @loader_path/Frameworks";
				PRODUCT_NAME = "$(TARGET_NAME)";
				TEST_HOST = "$(BUILT_PRODUCTS_DIR)/ProCom.app/ProCom";
			};
			name = Debug;
		};
		E27B40061A8D75B800AE18C5 /* Release */ = {
			isa = XCBuildConfiguration;
			buildSettings = {
				BUNDLE_LOADER = "$(TEST_HOST)";
				FRAMEWORK_SEARCH_PATHS = (
					"$(SDKROOT)/Developer/Library/Frameworks",
					"$(inherited)",
				);
				INFOPLIST_FILE = ProComTests/Info.plist;
				LD_RUNPATH_SEARCH_PATHS = "$(inherited) @executable_path/Frameworks @loader_path/Frameworks";
				PRODUCT_NAME = "$(TARGET_NAME)";
				TEST_HOST = "$(BUILT_PRODUCTS_DIR)/ProCom.app/ProCom";
			};
			name = Release;
		};
/* End XCBuildConfiguration section */

/* Begin XCConfigurationList section */
		E27B3FD81A8D75B800AE18C5 /* Build configuration list for PBXProject "ProCom" */ = {
			isa = XCConfigurationList;
			buildConfigurations = (
				E27B3FFF1A8D75B800AE18C5 /* Debug */,
				E27B40001A8D75B800AE18C5 /* Release */,
			);
			defaultConfigurationIsVisible = 0;
			defaultConfigurationName = Release;
		};
		E27B40011A8D75B800AE18C5 /* Build configuration list for PBXNativeTarget "ProCom" */ = {
			isa = XCConfigurationList;
			buildConfigurations = (
				E27B40021A8D75B800AE18C5 /* Debug */,
				E27B40031A8D75B800AE18C5 /* Release */,
			);
			defaultConfigurationIsVisible = 0;
			defaultConfigurationName = Release;
		};
		E27B40041A8D75B800AE18C5 /* Build configuration list for PBXNativeTarget "ProComTests" */ = {
			isa = XCConfigurationList;
			buildConfigurations = (
				E27B40051A8D75B800AE18C5 /* Debug */,
				E27B40061A8D75B800AE18C5 /* Release */,
			);
			defaultConfigurationIsVisible = 0;
			defaultConfigurationName = Release;
		};
/* End XCConfigurationList section */

/* Begin XCVersionGroup section */
		E27B3FE41A8D75B800AE18C5 /* ProCom.xcdatamodeld */ = {
			isa = XCVersionGroup;
			children = (
				E27B3FE51A8D75B800AE18C5 /* ProCom.xcdatamodel */,
			);
			currentVersion = E27B3FE51A8D75B800AE18C5 /* ProCom.xcdatamodel */;
			path = ProCom.xcdatamodeld;
			sourceTree = "<group>";
			versionGroupType = wrapper.xcdatamodel;
		};
/* End XCVersionGroup section */
	};
	rootObject = E27B3FD51A8D75B800AE18C5 /* Project object */;
}
